
Microsoft Visual Studio Solution File, Format Version 12.00
# Visual Studio Version 17
VisualStudioVersion = 17.10.35013.160
MinimumVisualStudioVersion = 10.0.40219.1
Project("{FAE04EC0-301F-11D3-BF4B-00C04F79EFBC}") = "Backend", "Backend\Backend.csproj", "{96820CB3-6646-4AF0-8F54-66E540F65241}"
EndProject
Global
	GlobalSection(SolutionConfigurationPlatforms) = preSolution
		Debug|Any CPU = Debug|Any CPU
		Release|Any CPU = Release|Any CPU
	EndGlobalSection
	GlobalSection(ProjectConfigurationPlatforms) = postSolution
		{96820CB3-6646-4AF0-8F54-66E540F65241}.Debug|Any CPU.ActiveCfg = Debug|Any CPU
		{96820CB3-6646-4AF0-8F54-66E540F65241}.Debug|Any CPU.Build.0 = Debug|Any CPU
		{96820CB3-6646-4AF0-8F54-66E540F65241}.Release|Any CPU.ActiveCfg = Release|Any CPU
		{96820CB3-6646-4AF0-8F54-66E540F65241}.Release|Any CPU.Build.0 = Release|Any CPU
	EndGlobalSection
	GlobalSection(SolutionProperties) = preSolution
		HideSolutionNode = FALSE
	EndGlobalSection
	GlobalSection(ExtensibilityGlobals) = postSolution
		SolutionGuid = {C2C39054-FEE1-43CE-929D-EB064838B8EB}
	EndGlobalSection
EndGlobal
